// !$*UTF8*$!
{
	archiveVersion = 1;
	classes = {
	};
	objectVersion = 46;
	objects = {

/* Begin PBXBuildFile section */
		DD4304221DF0238F0089E462 /* AppDelegate.swift in Sources */ = {isa = PBXBuildFile; fileRef = DD4304211DF0238F0089E462 /* AppDelegate.swift */; };
		DD4304241DF0238F0089E462 /* ViewController.swift in Sources */ = {isa = PBXBuildFile; fileRef = DD4304231DF0238F0089E462 /* ViewController.swift */; };
		DD4304271DF0238F0089E462 /* Podcast_Favorites.xcdatamodeld in Sources */ = {isa = PBXBuildFile; fileRef = DD4304251DF0238F0089E462 /* Podcast_Favorites.xcdatamodeld */; };
		DD4304291DF0238F0089E462 /* Assets.xcassets in Resources */ = {isa = PBXBuildFile; fileRef = DD4304281DF0238F0089E462 /* Assets.xcassets */; };
		DD43042C1DF0238F0089E462 /* Main.storyboard in Resources */ = {isa = PBXBuildFile; fileRef = DD43042A1DF0238F0089E462 /* Main.storyboard */; };
/* End PBXBuildFile section */

/* Begin PBXFileReference section */
		DD43041E1DF0238F0089E462 /* Podcast Favorites.app */ = {isa = PBXFileReference; explicitFileType = wrapper.application; includeInIndex = 0; path = "Podcast Favorites.app"; sourceTree = BUILT_PRODUCTS_DIR; };
		DD4304211DF0238F0089E462 /* AppDelegate.swift */ = {isa = PBXFileReference; lastKnownFileType = sourcecode.swift; path = AppDelegate.swift; sourceTree = "<group>"; };
		DD4304231DF0238F0089E462 /* ViewController.swift */ = {isa = PBXFileReference; lastKnownFileType = sourcecode.swift; path = ViewController.swift; sourceTree = "<group>"; };
		DD4304261DF0238F0089E462 /* Podcast_Favorites.xcdatamodel */ = {isa = PBXFileReference; lastKnownFileType = wrapper.xcdatamodel; path = Podcast_Favorites.xcdatamodel; sourceTree = "<group>"; };
		DD4304281DF0238F0089E462 /* Assets.xcassets */ = {isa = PBXFileReference; lastKnownFileType = folder.assetcatalog; path = Assets.xcassets; sourceTree = "<group>"; };
		DD43042B1DF0238F0089E462 /* Base */ = {isa = PBXFileReference; lastKnownFileType = file.storyboard; name = Base; path = Base.lproj/Main.storyboard; sourceTree = "<group>"; };
		DD43042D1DF0238F0089E462 /* Info.plist */ = {isa = PBXFileReference; lastKnownFileType = text.plist.xml; path = Info.plist; sourceTree = "<group>"; };
/* End PBXFileReference section */

/* Begin PBXFrameworksBuildPhase section */
		DD43041B1DF0238F0089E462 /* Frameworks */ = {
			isa = PBXFrameworksBuildPhase;
			buildActionMask = 2147483647;
			files = (
			);
			runOnlyForDeploymentPostprocessing = 0;
		};
/* End PBXFrameworksBuildPhase section */

/* Begin PBXGroup section */
		DD4304151DF0238F0089E462 = {
			isa = PBXGroup;
			children = (
				DD4304201DF0238F0089E462 /* Podcast Favorites */,
				DD43041F1DF0238F0089E462 /* Products */,
			);
			sourceTree = "<group>";
		};
		DD43041F1DF0238F0089E462 /* Products */ = {
			isa = PBXGroup;
			children = (
				DD43041E1DF0238F0089E462 /* Podcast Favorites.app */,
			);
			name = Products;
			sourceTree = "<group>";
		};
		DD4304201DF0238F0089E462 /* Podcast Favorites */ = {
			isa = PBXGroup;
			children = (
				DD4304211DF0238F0089E462 /* AppDelegate.swift */,
				DD4304231DF0238F0089E462 /* ViewController.swift */,
				DD4304281DF0238F0089E462 /* Assets.xcassets */,
				DD43042A1DF0238F0089E462 /* Main.storyboard */,
				DD43042D1DF0238F0089E462 /* Info.plist */,
				DD4304251DF0238F0089E462 /* Podcast_Favorites.xcdatamodeld */,
			);
			path = "Podcast Favorites";
			sourceTree = "<group>";
		};
/* End PBXGroup section */

/* Begin PBXNativeTarget section */
		DD43041D1DF0238F0089E462 /* Podcast Favorites */ = {
			isa = PBXNativeTarget;
			buildConfigurationList = DD4304301DF0238F0089E462 /* Build configuration list for PBXNativeTarget "Podcast Favorites" */;
			buildPhases = (
				DD43041A1DF0238F0089E462 /* Sources */,
				DD43041B1DF0238F0089E462 /* Frameworks */,
				DD43041C1DF0238F0089E462 /* Resources */,
			);
			buildRules = (
			);
			dependencies = (
			);
			name = "Podcast Favorites";
			productName = "Podcast Favorites";
			productReference = DD43041E1DF0238F0089E462 /* Podcast Favorites.app */;
			productType = "com.apple.product-type.application";
		};
/* End PBXNativeTarget section */

/* Begin PBXProject section */
		DD4304161DF0238F0089E462 /* Project object */ = {
			isa = PBXProject;
			attributes = {
				LastSwiftUpdateCheck = 0810;
				LastUpgradeCheck = 0810;
				ORGANIZATIONNAME = k0hyd;
				TargetAttributes = {
					DD43041D1DF0238F0089E462 = {
						CreatedOnToolsVersion = 8.1;
						DevelopmentTeam = DK64FQY4ZK;
						ProvisioningStyle = Automatic;
					};
				};
			};
			buildConfigurationList = DD4304191DF0238F0089E462 /* Build configuration list for PBXProject "Podcast Favorites" */;
			compatibilityVersion = "Xcode 3.2";
			developmentRegion = English;
			hasScannedForEncodings = 0;
			knownRegions = (
				en,
				Base,
			);
			mainGroup = DD4304151DF0238F0089E462;
			productRefGroup = DD43041F1DF0238F0089E462 /* Products */;
			projectDirPath = "";
			projectRoot = "";
			targets = (
				DD43041D1DF0238F0089E462 /* Podcast Favorites */,
			);
		};
/* End PBXProject section */

/* Begin PBXResourcesBuildPhase section */
		DD43041C1DF0238F0089E462 /* Resources */ = {
			isa = PBXResourcesBuildPhase;
			buildActionMask = 2147483647;
			files = (
				DD4304291DF0238F0089E462 /* Assets.xcassets in Resources */,
				DD43042C1DF0238F0089E462 /* Main.storyboard in Resources */,
			);
			runOnlyForDeploymentPostprocessing = 0;
		};
/* End PBXResourcesBuildPhase section */

/* Begin PBXSourcesBuildPhase section */
		DD43041A1DF0238F0089E462 /* Sources */ = {
			isa = PBXSourcesBuildPhase;
			buildActionMask = 2147483647;
			files = (
				DD4304271DF0238F0089E462 /* Podcast_Favorites.xcdatamodeld in Sources */,
				DD4304241DF0238F0089E462 /* ViewController.swift in Sources */,
				DD4304221DF0238F0089E462 /* AppDelegate.swift in Sources */,
			);
			runOnlyForDeploymentPostprocessing = 0;
		};
/* End PBXSourcesBuildPhase section */

/* Begin PBXVariantGroup section */
		DD43042A1DF0238F0089E462 /* Main.storyboard */ = {
			isa = PBXVariantGroup;
			children = (
				DD43042B1DF0238F0089E462 /* Base */,
			);
			name = Main.storyboard;
			sourceTree = "<group>";
		};
/* End PBXVariantGroup section */

/* Begin XCBuildConfiguration section */
		DD43042E1DF0238F0089E462 /* Debug */ = {
			isa = XCBuildConfiguration;
			buildSettings = {
				ALWAYS_SEARCH_USER_PATHS = NO;
				CLANG_ANALYZER_NONNULL = YES;
				CLANG_CXX_LANGUAGE_STANDARD = "gnu++0x";
				CLANG_CXX_LIBRARY = "libc++";
				CLANG_ENABLE_MODULES = YES;
				CLANG_ENABLE_OBJC_ARC = YES;
				CLANG_WARN_BOOL_CONVERSION = YES;
				CLANG_WARN_CONSTANT_CONVERSION = YES;
				CLANG_WARN_DIRECT_OBJC_ISA_USAGE = YES_ERROR;
				CLANG_WARN_DOCUMENTATION_COMMENTS = YES;
				CLANG_WARN_EMPTY_BODY = YES;
				CLANG_WARN_ENUM_CONVERSION = YES;
				CLANG_WARN_INFINITE_RECURSION = YES;
				CLANG_WARN_INT_CONVERSION = YES;
				CLANG_WARN_OBJC_ROOT_CLASS = YES_ERROR;
				CLANG_WARN_SUSPICIOUS_MOVES = YES;
				CLANG_WARN_UNREACHABLE_CODE = YES;
				CLANG_WARN__DUPLICATE_METHOD_MATCH = YES;
				CODE_SIGN_IDENTITY = "-";
				COPY_PHASE_STRIP = NO;
				DEBUG_INFORMATION_FORMAT = dwarf;
				ENABLE_STRICT_OBJC_MSGSEND = YES;
				ENABLE_TESTABILITY = YES;
				GCC_C_LANGUAGE_STANDARD = gnu99;
				GCC_DYNAMIC_NO_PIC = NO;
				GCC_NO_COMMON_BLOCKS = YES;
				GCC_OPTIMIZATION_LEVEL = 0;
				GCC_PREPROCESSOR_DEFINITIONS = (
					"DEBUG=1",
					"$(inherited)",
				);
				GCC_WARN_64_TO_32_BIT_CONVERSION = YES;
				GCC_WARN_ABOUT_RETURN_TYPE = YES_ERROR;
				GCC_WARN_UNDECLARED_SELECTOR = YES;
				GCC_WARN_UNINITIALIZED_AUTOS = YES_AGGRESSIVE;
				GCC_WARN_UNUSED_FUNCTION = YES;
				GCC_WARN_UNUSED_VARIABLE = YES;
				MACOSX_DEPLOYMENT_TARGET = 10.12;
				MTL_ENABLE_DEBUG_INFO = YES;
				ONLY_ACTIVE_ARCH = YES;
				SDKROOT = macosx;
				SWIFT_ACTIVE_COMPILATION_CONDITIONS = DEBUG;
				SWIFT_OPTIMIZATION_LEVEL = "-Onone";
			};
			name = Debug;
		};
		DD43042F1DF0238F0089E462 /* Release */ = {
			isa = XCBuildConfiguration;
			buildSettings = {
				ALWAYS_SEARCH_USER_PATHS = NO;
				CLANG_ANALYZER_NONNULL = YES;
				CLANG_CXX_LANGUAGE_STANDARD = "gnu++0x";
				CLANG_CXX_LIBRARY = "libc++";
				CLANG_ENABLE_MODULES = YES;
				CLANG_ENABLE_OBJC_ARC = YES;
				CLANG_WARN_BOOL_CONVERSION = YES;
				CLANG_WARN_CONSTANT_CONVERSION = YES;
				CLANG_WARN_DIRECT_OBJC_ISA_USAGE = YES_ERROR;
				CLANG_WARN_DOCUMENTATION_COMMENTS = YES;
				CLANG_WARN_EMPTY_BODY = YES;
				CLANG_WARN_ENUM_CONVERSION = YES;
				CLANG_WARN_INFINITE_RECURSION = YES;
				CLANG_WARN_INT_CONVERSION = YES;
				CLANG_WARN_OBJC_ROOT_CLASS = YES_ERROR;
				CLANG_WARN_SUSPICIOUS_MOVES = YES;
				CLANG_WARN_UNREACHABLE_CODE = YES;
				CLANG_WARN__DUPLICATE_METHOD_MATCH = YES;
				CODE_SIGN_IDENTITY = "-";
				COPY_PHASE_STRIP = NO;
				DEBUG_INFORMATION_FORMAT = "dwarf-with-dsym";
				ENABLE_NS_ASSERTIONS = NO;
				ENABLE_STRICT_OBJC_MSGSEND = YES;
				GCC_C_LANGUAGE_STANDARD = gnu99;
				GCC_NO_COMMON_BLOCKS = YES;
				GCC_WARN_64_TO_32_BIT_CONVERSION = YES;
				GCC_WARN_ABOUT_RETURN_TYPE = YES_ERROR;
				GCC_WARN_UNDECLARED_SELECTOR = YES;
				GCC_WARN_UNINITIALIZED_AUTOS = YES_AGGRESSIVE;
				GCC_WARN_UNUSED_FUNCTION = YES;
				GCC_WARN_UNUSED_VARIABLE = YES;
				MACOSX_DEPLOYMENT_TARGET = 10.12;
				MTL_ENABLE_DEBUG_INFO = NO;
				SDKROOT = macosx;
				SWIFT_OPTIMIZATION_LEVEL = "-Owholemodule";
			};
			name = Release;
		};
		DD4304311DF0238F0089E462 /* Debug */ = {
			isa = XCBuildConfiguration;
			buildSettings = {
				ASSETCATALOG_COMPILER_APPICON_NAME = AppIcon;
				CODE_SIGN_IDENTITY = "Mac Developer";
				COMBINE_HIDPI_IMAGES = YES;
				DEVELOPMENT_TEAM = DK64FQY4ZK;
				INFOPLIST_FILE = "Podcast Favorites/Info.plist";
				LD_RUNPATH_SEARCH_PATHS = "$(inherited) @executable_path/../Frameworks";
				PRODUCT_BUNDLE_IDENTIFIER = "net.k0hyd.Podcast-Favorites";
				PRODUCT_NAME = "$(TARGET_NAME)";
				SWIFT_VERSION = 3.0;
			};
			name = Debug;
		};
		DD4304321DF0238F0089E462 /* Release */ = {
			isa = XCBuildConfiguration;
			buildSettings = {
				ASSETCATALOG_COMPILER_APPICON_NAME = AppIcon;
				CODE_SIGN_IDENTITY = "Mac Developer";
				COMBINE_HIDPI_IMAGES = YES;
				DEVELOPMENT_TEAM = DK64FQY4ZK;
				INFOPLIST_FILE = "Podcast Favorites/Info.plist";
				LD_RUNPATH_SEARCH_PATHS = "$(inherited) @executable_path/../Frameworks";
				PRODUCT_BUNDLE_IDENTIFIER = "net.k0hyd.Podcast-Favorites";
				PRODUCT_NAME = "$(TARGET_NAME)";
				SWIFT_VERSION = 3.0;
			};
			name = Release;
		};
/* End XCBuildConfiguration section */

/* Begin XCConfigurationList section */
		DD4304191DF0238F0089E462 /* Build configuration list for PBXProject "Podcast Favorites" */ = {
			isa = XCConfigurationList;
			buildConfigurations = (
				DD43042E1DF0238F0089E462 /* Debug */,
				DD43042F1DF0238F0089E462 /* Release */,
			);
			defaultConfigurationIsVisible = 0;
			defaultConfigurationName = Release;
		};
		DD4304301DF0238F0089E462 /* Build configuration list for PBXNativeTarget "Podcast Favorites" */ = {
			isa = XCConfigurationList;
			buildConfigurations = (
				DD4304311DF0238F0089E462 /* Debug */,
				DD4304321DF0238F0089E462 /* Release */,
			);
			defaultConfigurationIsVisible = 0;
			defaultConfigurationName = Release;
		};
/* End XCConfigurationList section */

/* Begin XCVersionGroup section */
		DD4304251DF0238F0089E462 /* Podcast_Favorites.xcdatamodeld */ = {
			isa = XCVersionGroup;
			children = (
				DD4304261DF0238F0089E462 /* Podcast_Favorites.xcdatamodel */,
			);
			currentVersion = DD4304261DF0238F0089E462 /* Podcast_Favorites.xcdatamodel */;
			path = Podcast_Favorites.xcdatamodeld;
			sourceTree = "<group>";
			versionGroupType = wrapper.xcdatamodel;
		};
/* End XCVersionGroup section */
	};
	rootObject = DD4304161DF0238F0089E462 /* Project object */;
}
